<?xml version="1.0" encoding="utf-8"?>
<Project ToolsVersion="4.0" xmlns="http://schemas.microsoft.com/developer/msbuild/2003">
  <ItemGroup>
    <ClCompile Include="kCsvWriter.cpp" />
    <ClCompile Include="main.cpp" />
    <ClCompile Include="KITOOLs.cpp" />
    <ClCompile Include="kPrinter.cpp">
      <Filter>Kinect</Filter>
    </ClCompile>
    <ClCompile Include="SerialPort.cpp">
      <Filter>IMU</Filter>
    </ClCompile>
    <ClCompile Include="iParse.cpp">
      <Filter>IMU</Filter>
    </ClCompile>
    <ClCompile Include="IMUmkv.cpp">
      <Filter>IMUmkv</Filter>
    </ClCompile>
  </ItemGroup>
  <ItemGroup>
    <ClInclude Include="CsvWriter.hpp" />
    <ClInclude Include="kCsvWriter.h" />
    <ClInclude Include="KITOOLs.h" />
    <ClInclude Include="EBMotion.h" />
    <ClInclude Include="kPrinter.h">
      <Filter>Kinect</Filter>
    </ClInclude>
    <ClInclude Include="SerialPort.h">
      <Filter>IMU</Filter>
    </ClInclude>
    <ClInclude Include="iPrinter.h">
      <Filter>IMU</Filter>
    </ClInclude>
    <ClInclude Include="IMUmkv.h">
      <Filter>IMUmkv</Filter>
    </ClInclude>
  </ItemGroup>
  <ItemGroup>
    <None Include="dnn_model_2_0.onnx" />
    <None Include="packages.config" />
  </ItemGroup>
  <ItemGroup>
    <Filter Include="Kinect">
      <UniqueIdentifier>{a46285fe-572e-48b4-9b8a-54474a9e54c1}</UniqueIdentifier>
    </Filter>
    <Filter Include="IMU">
      <UniqueIdentifier>{9fcb857d-ed68-4ea5-9e67-c17a5dbb04be}</UniqueIdentifier>
    </Filter>
    <Filter Include="Thread">
      <UniqueIdentifier>{89338d3d-f9c1-4c1b-a835-9107960a6bcd}</UniqueIdentifier>
    </Filter>
    <Filter Include="IMUmkv">
      <UniqueIdentifier>{4bd2b22f-a144-42b5-911d-90d878712234}</UniqueIdentifier>
    </Filter>
  </ItemGroup>
</Project>